<?xml version="1.0" encoding="utf-8"?>
<Project ToolsVersion="4.0" xmlns="http://schemas.microsoft.com/developer/msbuild/2003">
  <ItemGroup>
    <Filter Include="Generated Files">
      <UniqueIdentifier>{71ED8ED8-ACB9-4CE9-BBE1-E00B30144E11}</UniqueIdentifier>
      <Extensions>cpp;c;cxx;moc;h;def;odl;idl;res;</Extensions>
    </Filter>
    <Filter Include="Generated Files">
      <UniqueIdentifier>{71ED8ED8-ACB9-4CE9-BBE1-E00B30144E11}</UniqueIdentifier>
      <Extensions>cpp;c;cxx;moc;h;def;odl;idl;res;</Extensions>
    </Filter>
    <Filter Include="Header Files">
      <UniqueIdentifier>{93995380-89BD-4b04-88EB-625FBE52EBFB}</UniqueIdentifier>
      <Extensions>h;hpp;hxx;hm;inl;inc;xsd</Extensions>
    </Filter>
    <Filter Include="Header Files">
      <UniqueIdentifier>{93995380-89BD-4b04-88EB-625FBE52EBFB}</UniqueIdentifier>
      <Extensions>h;hpp;hxx;hm;inl;inc;xsd</Extensions>
    </Filter>
    <Filter Include="Resource Files">
      <UniqueIdentifier>{D9D6E242-F8AF-46E4-B9FD-80ECBC20BA3E}</UniqueIdentifier>
      <Extensions>qrc;*</Extensions>
      <ParseFiles>false</ParseFiles>
    </Filter>
    <Filter Include="Resource Files">
      <UniqueIdentifier>{D9D6E242-F8AF-46E4-B9FD-80ECBC20BA3E}</UniqueIdentifier>
      <Extensions>qrc;*</Extensions>
      <ParseFiles>false</ParseFiles>
    </Filter>
    <Filter Include="Source Files">
      <UniqueIdentifier>{4FC737F1-C7A5-4376-A066-2A32D752A2FF}</UniqueIdentifier>
      <Extensions>cpp;c;cxx;def;odl;idl;hpj;bat;asm;asmx</Extensions>
    </Filter>
    <Filter Include="Source Files">
      <UniqueIdentifier>{4FC737F1-C7A5-4376-A066-2A32D752A2FF}</UniqueIdentifier>
      <Extensions>cpp;c;cxx;def;odl;idl;hpj;bat;asm;asmx</Extensions>
    </Filter>
  </ItemGroup>
  <ItemGroup>
    <ClCompile Include="ftputil.cpp">
      <Filter>Source Files</Filter>
    </ClCompile>
    <ClCompile Include="graphicsscene.cpp">
      <Filter>Source Files</Filter>
    </ClCompile>
    <ClCompile Include="graphicsview.cpp">
      <Filter>Source Files</Filter>
    </ClCompile>
    <ClCompile Include="main.cpp">
      <Filter>Source Files</Filter>
    </ClCompile>
    <ClCompile Include="mainwindow.cpp">
      <Filter>Source Files</Filter>
    </ClCompile>
    <ClCompile Include="navdelegate.cpp">
      <Filter>Source Files</Filter>
    </ClCompile>
    <ClCompile Include="navmodel.cpp">
      <Filter>Source Files</Filter>
    </ClCompile>
    <ClCompile Include="navview.cpp">
      <Filter>Source Files</Filter>
    </ClCompile>
    <ClCompile Include="netclient.cpp">
      <Filter>Source Files</Filter>
    </ClCompile>
    <ClCompile Include="svggraph.cpp">
      <Filter>Source Files</Filter>
    </ClCompile>
    <ClCompile Include="svgitem.cpp">
      <Filter>Source Files</Filter>
    </ClCompile>
    <ClCompile Include="svgparser.cpp">
      <Filter>Source Files</Filter>
    </ClCompile>
    <ClCompile Include="svgrenderer.cpp">
      <Filter>Source Files</Filter>
    </ClCompile>
    <ClCompile Include="textitem.cpp">
      <Filter>Source Files</Filter>
    </ClCompile>
  </ItemGroup>
  <ItemGroup>
    <ClInclude Include="basedev.h">
      <Filter>Header Files</Filter>
    </ClInclude>
    <ClInclude Include="breaker.h">
      <Filter>Header Files</Filter>
    </ClInclude>
    <ClInclude Include="colordefines.h">
      <Filter>Header Files</Filter>
    </ClInclude>
    <ClInclude Include="define.h">
      <Filter>Header Files</Filter>
    </ClInclude>
    <CustomBuild Include="ftputil.h">
      <Filter>Header Files</Filter>
    </CustomBuild>
    <CustomBuild Include="graphicsscene.h">
      <Filter>Header Files</Filter>
    </CustomBuild>
    <CustomBuild Include="graphicsview.h">
      <Filter>Header Files</Filter>
    </CustomBuild>
    <CustomBuild Include="mainwindow.h">
      <Filter>Header Files</Filter>
    </CustomBuild>
    <CustomBuild Include="navdelegate.h">
      <Filter>Header Files</Filter>
    </CustomBuild>
    <CustomBuild Include="navmodel.h">
      <Filter>Header Files</Filter>
    </CustomBuild>
    <CustomBuild Include="navview.h">
      <Filter>Header Files</Filter>
    </CustomBuild>
    <CustomBuild Include="netclient.h">
      <Filter>Header Files</Filter>
    </CustomBuild>
    <ClInclude Include="structs.h">
      <Filter>Header Files</Filter>
    </ClInclude>
    <ClInclude Include="svggraph.h">
      <Filter>Header Files</Filter>
    </ClInclude>
    <ClInclude Include="svgitem.h">
      <Filter>Header Files</Filter>
    </ClInclude>
    <ClInclude Include="svglayer.h">
      <Filter>Header Files</Filter>
    </ClInclude>
    <ClInclude Include="svgparser.h">
      <Filter>Header Files</Filter>
    </ClInclude>
    <ClInclude Include="svgrenderer.h">
      <Filter>Header Files</Filter>
    </ClInclude>
    <ClInclude Include="textitem.h">
      <Filter>Header Files</Filter>
    </ClInclude>
    <ClInclude Include="textsvg.h">
      <Filter>Header Files</Filter>
    </ClInclude>
    <ClInclude Include="transformer.h">
      <Filter>Header Files</Filter>
    </ClInclude>
  </ItemGroup>
  <ItemGroup>
    <ClCompile Include="debug\moc_ftputil.cpp">
      <Filter>Generated Files</Filter>
    </ClCompile>
    <ClCompile Include="release\moc_ftputil.cpp">
      <Filter>Generated Files</Filter>
    </ClCompile>
    <ClCompile Include="debug\moc_graphicsscene.cpp">
      <Filter>Generated Files</Filter>
    </ClCompile>
    <ClCompile Include="release\moc_graphicsscene.cpp">
      <Filter>Generated Files</Filter>
    </ClCompile>
    <ClCompile Include="debug\moc_graphicsview.cpp">
      <Filter>Generated Files</Filter>
    </ClCompile>
    <ClCompile Include="release\moc_graphicsview.cpp">
      <Filter>Generated Files</Filter>
    </ClCompile>
    <ClCompile Include="debug\moc_mainwindow.cpp">
      <Filter>Generated Files</Filter>
    </ClCompile>
    <ClCompile Include="release\moc_mainwindow.cpp">
      <Filter>Generated Files</Filter>
    </ClCompile>
    <ClCompile Include="debug\moc_navdelegate.cpp">
      <Filter>Generated Files</Filter>
    </ClCompile>
    <ClCompile Include="release\moc_navdelegate.cpp">
      <Filter>Generated Files</Filter>
    </ClCompile>
    <ClCompile Include="debug\moc_navmodel.cpp">
      <Filter>Generated Files</Filter>
    </ClCompile>
    <ClCompile Include="release\moc_navmodel.cpp">
      <Filter>Generated Files</Filter>
    </ClCompile>
    <ClCompile Include="debug\moc_navview.cpp">
      <Filter>Generated Files</Filter>
    </ClCompile>
    <ClCompile Include="release\moc_navview.cpp">
      <Filter>Generated Files</Filter>
    </ClCompile>
    <ClCompile Include="debug\moc_netclient.cpp">
      <Filter>Generated Files</Filter>
    </ClCompile>
    <ClCompile Include="release\moc_netclient.cpp">
      <Filter>Generated Files</Filter>
    </ClCompile>
    <ClCompile Include="debug\qrc_poweram.cpp">
      <Filter>Generated Files</Filter>
    </ClCompile>
    <ClCompile Include="release\qrc_poweram.cpp">
      <Filter>Generated Files</Filter>
    </ClCompile>
  </ItemGroup>
  <ItemGroup>
    <None Include="images\bk.jpg">
      <Filter>Resource Files</Filter>
    </None>
    <None Include="images\circlequery.png">
      <Filter>Resource Files</Filter>
    </None>
    <None Include="images\cutquery.png">
      <Filter>Resource Files</Filter>
    </None>
    <None Include="images\expand_normal.png">
      <Filter>Resource Files</Filter>
    </None>
    <None Include="images\expand_selected.png">
      <Filter>Resource Files</Filter>
    </None>
    <None Include="images\gswitchquery.png">
      <Filter>Resource Files</Filter>
    </None>
    <None Include="images\hand.png">
      <Filter>Resource Files</Filter>
    </None>
    <None Include="images\model.png">
      <Filter>Resource Files</Filter>
    </None>
    <None Include="images\msetquery.png">
      <Filter>Resource Files</Filter>
    </None>
    <None Include="images\next.png">
      <Filter>Resource Files</Filter>
    </None>
    <None Include="images\off.png">
      <Filter>Resource Files</Filter>
    </None>
    <None Include="images\on.png">
      <Filter>Resource Files</Filter>
    </None>
    <None Include="images\open.png">
      <Filter>Resource Files</Filter>
    </None>
    <None Include="images\pointer.png">
      <Filter>Resource Files</Filter>
    </None>
    <CustomBuild Include="poweram.qrc">
      <Filter>Resource Files</Filter>
    </CustomBuild>
    <None Include="images\prev.png">
      <Filter>Resource Files</Filter>
    </None>
    <None Include="images\refresh.png">
      <Filter>Resource Files</Filter>
    </None>
    <None Include="images\signoff.png">
      <Filter>Resource Files</Filter>
    </None>
    <None Include="images\signon.png">
      <Filter>Resource Files</Filter>
    </None>
    <None Include="images\signquery.png">
      <Filter>Resource Files</Filter>
    </None>
    <None Include="images\stationmgr.png">
      <Filter>Resource Files</Filter>
    </None>
    <None Include="images\stationrela.png">
      <Filter>Resource Files</Filter>
    </None>
    <None Include="images\unexpand_normal.png">
      <Filter>Resource Files</Filter>
    </None>
    <None Include="images\unexpand_selected.png">
      <Filter>Resource Files</Filter>
    </None>
    <None Include="images\usermgr.png">
      <Filter>Resource Files</Filter>
    </None>
    <None Include="images\zoom_original.png">
      <Filter>Resource Files</Filter>
    </None>
    <None Include="images\zoomin.png">
      <Filter>Resource Files</Filter>
    </None>
    <None Include="images\zoomout.png">
      <Filter>Resource Files</Filter>
    </None>
  </ItemGroup>
</Project>