<?xml version="1.0" encoding="utf-8"?>
<Project ToolsVersion="4.0" xmlns="http://schemas.microsoft.com/developer/msbuild/2003">
  <ItemGroup>
    <Filter Include="Generated Files">
      <UniqueIdentifier>{71ED8ED8-ACB9-4CE9-BBE1-E00B30144E11}</UniqueIdentifier>
      <Extensions>cpp;c;cxx;moc;h;def;odl;idl;res;</Extensions>
    </Filter>
    <Filter Include="Generated Files">
      <UniqueIdentifier>{71ED8ED8-ACB9-4CE9-BBE1-E00B30144E11}</UniqueIdentifier>
      <Extensions>cpp;c;cxx;moc;h;def;odl;idl;res;</Extensions>
    </Filter>
    <Filter Include="Header Files">
      <UniqueIdentifier>{93995380-89BD-4b04-88EB-625FBE52EBFB}</UniqueIdentifier>
      <Extensions>h;hpp;hxx;hm;inl;inc;xsd</Extensions>
    </Filter>
    <Filter Include="Header Files">
      <UniqueIdentifier>{93995380-89BD-4b04-88EB-625FBE52EBFB}</UniqueIdentifier>
      <Extensions>h;hpp;hxx;hm;inl;inc;xsd</Extensions>
    </Filter>
    <Filter Include="Resource Files">
      <UniqueIdentifier>{D9D6E242-F8AF-46E4-B9FD-80ECBC20BA3E}</UniqueIdentifier>
      <Extensions>qrc;*</Extensions>
      <ParseFiles>false</ParseFiles>
    </Filter>
    <Filter Include="Resource Files">
      <UniqueIdentifier>{D9D6E242-F8AF-46E4-B9FD-80ECBC20BA3E}</UniqueIdentifier>
      <Extensions>qrc;*</Extensions>
      <ParseFiles>false</ParseFiles>
    </Filter>
    <Filter Include="Source Files">
      <UniqueIdentifier>{4FC737F1-C7A5-4376-A066-2A32D752A2FF}</UniqueIdentifier>
      <Extensions>cpp;c;cxx;def;odl;idl;hpj;bat;asm;asmx</Extensions>
    </Filter>
    <Filter Include="Source Files">
      <UniqueIdentifier>{4FC737F1-C7A5-4376-A066-2A32D752A2FF}</UniqueIdentifier>
      <Extensions>cpp;c;cxx;def;odl;idl;hpj;bat;asm;asmx</Extensions>
    </Filter>
  </ItemGroup>
  <ItemGroup>
    <ClCompile Include="comutil.cpp">
      <Filter>Source Files</Filter>
    </ClCompile>
    <ClCompile Include="contentwidget.cpp">
      <Filter>Source Files</Filter>
    </ClCompile>
    <ClCompile Include="ftputil.cpp">
      <Filter>Source Files</Filter>
    </ClCompile>
    <ClCompile Include="graphicsscene.cpp">
      <Filter>Source Files</Filter>
    </ClCompile>
    <ClCompile Include="graphicsview.cpp">
      <Filter>Source Files</Filter>
    </ClCompile>
    <ClCompile Include="homewindow.cpp">
      <Filter>Source Files</Filter>
    </ClCompile>
    <ClCompile Include="leftwidget.cpp">
      <Filter>Source Files</Filter>
    </ClCompile>
    <ClCompile Include="linesetwidget.cpp">
      <Filter>Source Files</Filter>
    </ClCompile>
    <ClCompile Include="main.cpp">
      <Filter>Source Files</Filter>
    </ClCompile>
    <ClCompile Include="mainwindow.cpp">
      <Filter>Source Files</Filter>
    </ClCompile>
    <ClCompile Include="..\common\buff\msgbean.pb.cc">
      <Filter>Source Files</Filter>
    </ClCompile>
    <ClCompile Include="..\common\buff\msgbody.pb.cc">
      <Filter>Source Files</Filter>
    </ClCompile>
    <ClCompile Include="msgrouter.cpp">
      <Filter>Source Files</Filter>
    </ClCompile>
    <ClCompile Include="navdelegate.cpp">
      <Filter>Source Files</Filter>
    </ClCompile>
    <ClCompile Include="navmodel.cpp">
      <Filter>Source Files</Filter>
    </ClCompile>
    <ClCompile Include="navview.cpp">
      <Filter>Source Files</Filter>
    </ClCompile>
    <ClCompile Include="netclient.cpp">
      <Filter>Source Files</Filter>
    </ClCompile>
    <ClCompile Include="openthread.cpp">
      <Filter>Source Files</Filter>
    </ClCompile>
    <ClCompile Include="openwidget.cpp">
      <Filter>Source Files</Filter>
    </ClCompile>
    <ClCompile Include="push_button.cpp">
      <Filter>Source Files</Filter>
    </ClCompile>
    <ClCompile Include="righttopwidget.cpp">
      <Filter>Source Files</Filter>
    </ClCompile>
    <ClCompile Include="savewidget.cpp">
      <Filter>Source Files</Filter>
    </ClCompile>
    <ClCompile Include="stationmgr.cpp">
      <Filter>Source Files</Filter>
    </ClCompile>
    <ClCompile Include="svggraph.cpp">
      <Filter>Source Files</Filter>
    </ClCompile>
    <ClCompile Include="svgitem.cpp">
      <Filter>Source Files</Filter>
    </ClCompile>
    <ClCompile Include="svgparser.cpp">
      <Filter>Source Files</Filter>
    </ClCompile>
    <ClCompile Include="svgrenderer.cpp">
      <Filter>Source Files</Filter>
    </ClCompile>
    <ClCompile Include="textitem.cpp">
      <Filter>Source Files</Filter>
    </ClCompile>
    <ClCompile Include="titlewidget.cpp">
      <Filter>Source Files</Filter>
    </ClCompile>
    <ClCompile Include="userlogindlg.cpp">
      <Filter>Source Files</Filter>
    </ClCompile>
    <ClCompile Include="usermgrdlg.cpp">
      <Filter>Source Files</Filter>
    </ClCompile>
    <ClCompile Include="userpasswdreset.cpp">
      <Filter>Source Files</Filter>
    </ClCompile>
    <ClCompile Include="waitwidget.cpp">
      <Filter>Source Files</Filter>
    </ClCompile>
    <ClCompile Include="rulecheckwidget.cpp">
      <Filter>Source Files</Filter>
    </ClCompile>
  </ItemGroup>
  <ItemGroup>
    <ClInclude Include="basedev.h">
      <Filter>Header Files</Filter>
    </ClInclude>
    <ClInclude Include="breaker.h">
      <Filter>Header Files</Filter>
    </ClInclude>
    <ClInclude Include="colordefines.h">
      <Filter>Header Files</Filter>
    </ClInclude>
    <ClInclude Include="comutil.h">
      <Filter>Header Files</Filter>
    </ClInclude>
    <CustomBuild Include="contentwidget.h">
      <Filter>Header Files</Filter>
    </CustomBuild>
    <ClInclude Include="define.h">
      <Filter>Header Files</Filter>
    </ClInclude>
    <CustomBuild Include="ftputil.h">
      <Filter>Header Files</Filter>
    </CustomBuild>
    <CustomBuild Include="graphicsscene.h">
      <Filter>Header Files</Filter>
    </CustomBuild>
    <CustomBuild Include="graphicsview.h">
      <Filter>Header Files</Filter>
    </CustomBuild>
    <CustomBuild Include="homewindow.h">
      <Filter>Header Files</Filter>
    </CustomBuild>
    <CustomBuild Include="leftwidget.h">
      <Filter>Header Files</Filter>
    </CustomBuild>
    <CustomBuild Include="linesetwidget.h">
      <Filter>Header Files</Filter>
    </CustomBuild>
    <CustomBuild Include="mainwindow.h">
      <Filter>Header Files</Filter>
    </CustomBuild>
    <ClInclude Include="..\common\buff\msgbean.pb.h">
      <Filter>Header Files</Filter>
    </ClInclude>
    <ClInclude Include="..\common\buff\msgbody.pb.h">
      <Filter>Header Files</Filter>
    </ClInclude>
    <CustomBuild Include="msgrouter.h">
      <Filter>Header Files</Filter>
    </CustomBuild>
    <CustomBuild Include="navdelegate.h">
      <Filter>Header Files</Filter>
    </CustomBuild>
    <CustomBuild Include="navmodel.h">
      <Filter>Header Files</Filter>
    </CustomBuild>
    <CustomBuild Include="navview.h">
      <Filter>Header Files</Filter>
    </CustomBuild>
    <CustomBuild Include="netclient.h">
      <Filter>Header Files</Filter>
    </CustomBuild>
    <CustomBuild Include="openthread.h">
      <Filter>Header Files</Filter>
    </CustomBuild>
    <CustomBuild Include="openwidget.h">
      <Filter>Header Files</Filter>
    </CustomBuild>
    <CustomBuild Include="push_button.h">
      <Filter>Header Files</Filter>
    </CustomBuild>
    <ClInclude Include="righttopwidget.h">
      <Filter>Header Files</Filter>
    </ClInclude>
    <CustomBuild Include="savewidget.h">
      <Filter>Header Files</Filter>
    </CustomBuild>
    <CustomBuild Include="stationmgr.h">
      <Filter>Header Files</Filter>
    </CustomBuild>
    <ClInclude Include="structs.h">
      <Filter>Header Files</Filter>
    </ClInclude>
    <ClInclude Include="svggraph.h">
      <Filter>Header Files</Filter>
    </ClInclude>
    <ClInclude Include="svgitem.h">
      <Filter>Header Files</Filter>
    </ClInclude>
    <ClInclude Include="svglayer.h">
      <Filter>Header Files</Filter>
    </ClInclude>
    <ClInclude Include="svgparser.h">
      <Filter>Header Files</Filter>
    </ClInclude>
    <ClInclude Include="svgrenderer.h">
      <Filter>Header Files</Filter>
    </ClInclude>
    <ClInclude Include="textitem.h">
      <Filter>Header Files</Filter>
    </ClInclude>
    <ClInclude Include="textsvg.h">
      <Filter>Header Files</Filter>
    </ClInclude>
    <CustomBuild Include="titlewidget.h">
      <Filter>Header Files</Filter>
    </CustomBuild>
    <ClInclude Include="transformer.h">
      <Filter>Header Files</Filter>
    </ClInclude>
    <CustomBuild Include="userlogindlg.h">
      <Filter>Header Files</Filter>
    </CustomBuild>
    <CustomBuild Include="usermgrdlg.h">
      <Filter>Header Files</Filter>
    </CustomBuild>
    <CustomBuild Include="userpasswdreset.h">
      <Filter>Header Files</Filter>
    </CustomBuild>
    <CustomBuild Include="waitwidget.h">
      <Filter>Header Files</Filter>
    </CustomBuild>
    <ClInclude Include="rulecheckwidget.h">
      <Filter>Header Files</Filter>
    </ClInclude>
  </ItemGroup>
  <ItemGroup>
    <ClCompile Include="debug\moc_contentwidget.cpp">
      <Filter>Generated Files</Filter>
    </ClCompile>
    <ClCompile Include="release\moc_contentwidget.cpp">
      <Filter>Generated Files</Filter>
    </ClCompile>
    <ClCompile Include="debug\moc_ftputil.cpp">
      <Filter>Generated Files</Filter>
    </ClCompile>
    <ClCompile Include="release\moc_ftputil.cpp">
      <Filter>Generated Files</Filter>
    </ClCompile>
    <ClCompile Include="debug\moc_graphicsscene.cpp">
      <Filter>Generated Files</Filter>
    </ClCompile>
    <ClCompile Include="release\moc_graphicsscene.cpp">
      <Filter>Generated Files</Filter>
    </ClCompile>
    <ClCompile Include="debug\moc_graphicsview.cpp">
      <Filter>Generated Files</Filter>
    </ClCompile>
    <ClCompile Include="release\moc_graphicsview.cpp">
      <Filter>Generated Files</Filter>
    </ClCompile>
    <ClCompile Include="debug\moc_homewindow.cpp">
      <Filter>Generated Files</Filter>
    </ClCompile>
    <ClCompile Include="release\moc_homewindow.cpp">
      <Filter>Generated Files</Filter>
    </ClCompile>
    <ClCompile Include="debug\moc_leftwidget.cpp">
      <Filter>Generated Files</Filter>
    </ClCompile>
    <ClCompile Include="release\moc_leftwidget.cpp">
      <Filter>Generated Files</Filter>
    </ClCompile>
    <ClCompile Include="debug\moc_linesetwidget.cpp">
      <Filter>Generated Files</Filter>
    </ClCompile>
    <ClCompile Include="release\moc_linesetwidget.cpp">
      <Filter>Generated Files</Filter>
    </ClCompile>
    <ClCompile Include="debug\moc_mainwindow.cpp">
      <Filter>Generated Files</Filter>
    </ClCompile>
    <ClCompile Include="release\moc_mainwindow.cpp">
      <Filter>Generated Files</Filter>
    </ClCompile>
    <ClCompile Include="debug\moc_msgrouter.cpp">
      <Filter>Generated Files</Filter>
    </ClCompile>
    <ClCompile Include="release\moc_msgrouter.cpp">
      <Filter>Generated Files</Filter>
    </ClCompile>
    <ClCompile Include="debug\moc_navdelegate.cpp">
      <Filter>Generated Files</Filter>
    </ClCompile>
    <ClCompile Include="release\moc_navdelegate.cpp">
      <Filter>Generated Files</Filter>
    </ClCompile>
    <ClCompile Include="debug\moc_navmodel.cpp">
      <Filter>Generated Files</Filter>
    </ClCompile>
    <ClCompile Include="release\moc_navmodel.cpp">
      <Filter>Generated Files</Filter>
    </ClCompile>
    <ClCompile Include="debug\moc_navview.cpp">
      <Filter>Generated Files</Filter>
    </ClCompile>
    <ClCompile Include="release\moc_navview.cpp">
      <Filter>Generated Files</Filter>
    </ClCompile>
    <ClCompile Include="debug\moc_netclient.cpp">
      <Filter>Generated Files</Filter>
    </ClCompile>
    <ClCompile Include="release\moc_netclient.cpp">
      <Filter>Generated Files</Filter>
    </ClCompile>
    <ClCompile Include="debug\moc_openthread.cpp">
      <Filter>Generated Files</Filter>
    </ClCompile>
    <ClCompile Include="release\moc_openthread.cpp">
      <Filter>Generated Files</Filter>
    </ClCompile>
    <ClCompile Include="debug\moc_openwidget.cpp">
      <Filter>Generated Files</Filter>
    </ClCompile>
    <ClCompile Include="release\moc_openwidget.cpp">
      <Filter>Generated Files</Filter>
    </ClCompile>
    <ClCompile Include="debug\moc_push_button.cpp">
      <Filter>Generated Files</Filter>
    </ClCompile>
    <ClCompile Include="release\moc_push_button.cpp">
      <Filter>Generated Files</Filter>
    </ClCompile>
    <ClCompile Include="debug\moc_savewidget.cpp">
      <Filter>Generated Files</Filter>
    </ClCompile>
    <ClCompile Include="release\moc_savewidget.cpp">
      <Filter>Generated Files</Filter>
    </ClCompile>
    <ClCompile Include="debug\moc_stationmgr.cpp">
      <Filter>Generated Files</Filter>
    </ClCompile>
    <ClCompile Include="release\moc_stationmgr.cpp">
      <Filter>Generated Files</Filter>
    </ClCompile>
    <ClCompile Include="debug\moc_titlewidget.cpp">
      <Filter>Generated Files</Filter>
    </ClCompile>
    <ClCompile Include="release\moc_titlewidget.cpp">
      <Filter>Generated Files</Filter>
    </ClCompile>
    <ClCompile Include="debug\moc_userlogindlg.cpp">
      <Filter>Generated Files</Filter>
    </ClCompile>
    <ClCompile Include="release\moc_userlogindlg.cpp">
      <Filter>Generated Files</Filter>
    </ClCompile>
    <ClCompile Include="debug\moc_usermgrdlg.cpp">
      <Filter>Generated Files</Filter>
    </ClCompile>
    <ClCompile Include="release\moc_usermgrdlg.cpp">
      <Filter>Generated Files</Filter>
    </ClCompile>
    <ClCompile Include="debug\moc_userpasswdreset.cpp">
      <Filter>Generated Files</Filter>
    </ClCompile>
    <ClCompile Include="release\moc_userpasswdreset.cpp">
      <Filter>Generated Files</Filter>
    </ClCompile>
    <ClCompile Include="debug\moc_waitwidget.cpp">
      <Filter>Generated Files</Filter>
    </ClCompile>
    <ClCompile Include="release\moc_waitwidget.cpp">
      <Filter>Generated Files</Filter>
    </ClCompile>
    <ClCompile Include="debug\qrc_poweram.cpp">
      <Filter>Generated Files</Filter>
    </ClCompile>
    <ClCompile Include="release\qrc_poweram.cpp">
      <Filter>Generated Files</Filter>
    </ClCompile>
  </ItemGroup>
  <ItemGroup>
    <None Include="images\alarm_off.png">
      <Filter>Resource Files</Filter>
    </None>
    <None Include="images\alarm_on.png">
      <Filter>Resource Files</Filter>
    </None>
    <None Include="images\bay.png">
      <Filter>Resource Files</Filter>
    </None>
    <None Include="images\bottom.png">
      <Filter>Resource Files</Filter>
    </None>
    <None Include="images\check_off.png">
      <Filter>Resource Files</Filter>
    </None>
    <None Include="images\check_on.png">
      <Filter>Resource Files</Filter>
    </None>
    <None Include="images\circle.png">
      <Filter>Resource Files</Filter>
    </None>
    <None Include="images\titel\close.png">
      <Filter>Resource Files</Filter>
    </None>
    <None Include="images\titel\close_hover.png">
      <Filter>Resource Files</Filter>
    </None>
    <None Include="images\titel\close_pressed.png">
      <Filter>Resource Files</Filter>
    </None>
    <None Include="images\control_off.png">
      <Filter>Resource Files</Filter>
    </None>
    <None Include="images\control_on.png">
      <Filter>Resource Files</Filter>
    </None>
    <None Include="images\cutquery.png">
      <Filter>Resource Files</Filter>
    </None>
    <None Include="images\envent.png">
      <Filter>Resource Files</Filter>
    </None>
    <None Include="images\expand_normal.png">
      <Filter>Resource Files</Filter>
    </None>
    <None Include="images\expand_selected.png">
      <Filter>Resource Files</Filter>
    </None>
    <None Include="images\ground.png">
      <Filter>Resource Files</Filter>
    </None>
    <None Include="images\hand.png">
      <Filter>Resource Files</Filter>
    </None>
    <None Include="images\home.png">
      <Filter>Resource Files</Filter>
    </None>
    <None Include="images\item-hover.png">
      <Filter>Resource Files</Filter>
    </None>
    <None Include="images\item.png">
      <Filter>Resource Files</Filter>
    </None>
    <None Include="images\leftbk.png">
      <Filter>Resource Files</Filter>
    </None>
    <None Include="images\lineset.png">
      <Filter>Resource Files</Filter>
    </None>
    <None Include="images\loading.gif">
      <Filter>Resource Files</Filter>
    </None>
    <None Include="images\log.png">
      <Filter>Resource Files</Filter>
    </None>
    <None Include="images\login.png">
      <Filter>Resource Files</Filter>
    </None>
    <None Include="images\loginmainbk.png">
      <Filter>Resource Files</Filter>
    </None>
    <None Include="images\logo.png">
      <Filter>Resource Files</Filter>
    </None>
    <None Include="images\logout.png">
      <Filter>Resource Files</Filter>
    </None>
    <None Include="images\titel\menu.png">
      <Filter>Resource Files</Filter>
    </None>
    <None Include="images\titel\menu_hover.png">
      <Filter>Resource Files</Filter>
    </None>
    <None Include="images\titel\menu_pressed.png">
      <Filter>Resource Files</Filter>
    </None>
    <None Include="images\titel\min.png">
      <Filter>Resource Files</Filter>
    </None>
    <None Include="images\titel\min_hover.png">
      <Filter>Resource Files</Filter>
    </None>
    <None Include="images\titel\min_pressed.png">
      <Filter>Resource Files</Filter>
    </None>
    <None Include="images\msetquery.png">
      <Filter>Resource Files</Filter>
    </None>
    <None Include="images\network_off.png">
      <Filter>Resource Files</Filter>
    </None>
    <None Include="images\network_on.png">
      <Filter>Resource Files</Filter>
    </None>
    <None Include="images\next.png">
      <Filter>Resource Files</Filter>
    </None>
    <None Include="images\off.png">
      <Filter>Resource Files</Filter>
    </None>
    <None Include="images\on.png">
      <Filter>Resource Files</Filter>
    </None>
    <None Include="images\open.png">
      <Filter>Resource Files</Filter>
    </None>
    <None Include="images\opration.png">
      <Filter>Resource Files</Filter>
    </None>
    <None Include="images\pointer.png">
      <Filter>Resource Files</Filter>
    </None>
    <CustomBuild Include="poweram.qrc">
      <Filter>Resource Files</Filter>
    </CustomBuild>
    <None Include="images\powerset.png">
      <Filter>Resource Files</Filter>
    </None>
    <None Include="images\prev.png">
      <Filter>Resource Files</Filter>
    </None>
    <None Include="images\read.png">
      <Filter>Resource Files</Filter>
    </None>
    <None Include="images\refresh.png">
      <Filter>Resource Files</Filter>
    </None>
    <None Include="images\righttop.png">
      <Filter>Resource Files</Filter>
    </None>
    <None Include="images\role.png">
      <Filter>Resource Files</Filter>
    </None>
    <None Include="images\rolemgr.png">
      <Filter>Resource Files</Filter>
    </None>
    <None Include="images\run.png">
      <Filter>Resource Files</Filter>
    </None>
    <None Include="images\save.png">
      <Filter>Resource Files</Filter>
    </None>
    <None Include="images\set_system.png">
      <Filter>Resource Files</Filter>
    </None>
    <None Include="images\stategridicon.png">
      <Filter>Resource Files</Filter>
    </None>
    <None Include="images\stationmgr.png">
      <Filter>Resource Files</Filter>
    </None>
    <None Include="images\stationrela.png">
      <Filter>Resource Files</Filter>
    </None>
    <None Include="images\tag_off.png">
      <Filter>Resource Files</Filter>
    </None>
    <None Include="images\tag_on.png">
      <Filter>Resource Files</Filter>
    </None>
    <None Include="images\title.png">
      <Filter>Resource Files</Filter>
    </None>
    <None Include="images\top_bk.png">
      <Filter>Resource Files</Filter>
    </None>
    <None Include="images\top_home.png">
      <Filter>Resource Files</Filter>
    </None>
    <None Include="images\topo.png">
      <Filter>Resource Files</Filter>
    </None>
    <None Include="images\typemgr.png">
      <Filter>Resource Files</Filter>
    </None>
    <None Include="images\unexpand_normal.png">
      <Filter>Resource Files</Filter>
    </None>
    <None Include="images\unexpand_selected.png">
      <Filter>Resource Files</Filter>
    </None>
    <None Include="images\usermgr.png">
      <Filter>Resource Files</Filter>
    </None>
    <None Include="images\usermgrbk.png">
      <Filter>Resource Files</Filter>
    </None>
    <None Include="images\usermgrmainbk.png">
      <Filter>Resource Files</Filter>
    </None>
    <None Include="images\zoom_in.png">
      <Filter>Resource Files</Filter>
    </None>
    <None Include="images\zoom_original.png">
      <Filter>Resource Files</Filter>
    </None>
    <None Include="images\zoom_out.png">
      <Filter>Resource Files</Filter>
    </None>
  </ItemGroup>
</Project>